
Microsoft Visual Studio Solution File, Format Version 12.00
# Visual Studio Version 17
VisualStudioVersion = 17.6.33712.159
MinimumVisualStudioVersion = 10.0.40219.1
Project("{FAE04EC0-301F-11D3-BF4B-00C04F79EFBC}") = "RepositoryPatternTemplate", "RepositoryPatternTemplate\RepositoryPatternTemplate.csproj", "{DE9D66A7-69D4-41BF-9478-D9C73D6889E5}"
EndProject
Project("{FAE04EC0-301F-11D3-BF4B-00C04F79EFBC}") = "Domain", "Domain\Domain.csproj", "{3D02885C-5948-4198-9009-E7E7651FE6EB}"
EndProject
Project("{FAE04EC0-301F-11D3-BF4B-00C04F79EFBC}") = "Repository", "Repository\Repository.csproj", "{6CDCD69E-0653-4486-BD6C-E74E7F8F0599}"
EndProject
Global
	GlobalSection(SolutionConfigurationPlatforms) = preSolution
		Debug|Any CPU = Debug|Any CPU
		Release|Any CPU = Release|Any CPU
	EndGlobalSection
	GlobalSection(ProjectConfigurationPlatforms) = postSolution
		{DE9D66A7-69D4-41BF-9478-D9C73D6889E5}.Debug|Any CPU.ActiveCfg = Debug|Any CPU
		{DE9D66A7-69D4-41BF-9478-D9C73D6889E5}.Debug|Any CPU.Build.0 = Debug|Any CPU
		{DE9D66A7-69D4-41BF-9478-D9C73D6889E5}.Release|Any CPU.ActiveCfg = Release|Any CPU
		{DE9D66A7-69D4-41BF-9478-D9C73D6889E5}.Release|Any CPU.Build.0 = Release|Any CPU
		{3D02885C-5948-4198-9009-E7E7651FE6EB}.Debug|Any CPU.ActiveCfg = Debug|Any CPU
		{3D02885C-5948-4198-9009-E7E7651FE6EB}.Debug|Any CPU.Build.0 = Debug|Any CPU
		{3D02885C-5948-4198-9009-E7E7651FE6EB}.Release|Any CPU.ActiveCfg = Release|Any CPU
		{3D02885C-5948-4198-9009-E7E7651FE6EB}.Release|Any CPU.Build.0 = Release|Any CPU
		{6CDCD69E-0653-4486-BD6C-E74E7F8F0599}.Debug|Any CPU.ActiveCfg = Debug|Any CPU
		{6CDCD69E-0653-4486-BD6C-E74E7F8F0599}.Debug|Any CPU.Build.0 = Debug|Any CPU
		{6CDCD69E-0653-4486-BD6C-E74E7F8F0599}.Release|Any CPU.ActiveCfg = Release|Any CPU
		{6CDCD69E-0653-4486-BD6C-E74E7F8F0599}.Release|Any CPU.Build.0 = Release|Any CPU
	EndGlobalSection
	GlobalSection(SolutionProperties) = preSolution
		HideSolutionNode = FALSE
	EndGlobalSection
	GlobalSection(ExtensibilityGlobals) = postSolution
		SolutionGuid = {789BD2D2-855A-4668-ACFE-FB43780C1CA2}
	EndGlobalSection
EndGlobal
